// !$*UTF8*$!
{
	archiveVersion = 1;
	classes = {
	};
	objectVersion = 46;
	objects = {

/* Begin PBXBuildFile section */
		3328D37A1CF3EBC0008B771D /* main.m in Sources */ = {isa = PBXBuildFile; fileRef = 3328D3791CF3EBC0008B771D /* main.m */; };
		3328D37D1CF3EBC0008B771D /* AppDelegate.m in Sources */ = {isa = PBXBuildFile; fileRef = 3328D37C1CF3EBC0008B771D /* AppDelegate.m */; };
		3328D3801CF3EBC0008B771D /* ViewController.m in Sources */ = {isa = PBXBuildFile; fileRef = 3328D37F1CF3EBC0008B771D /* ViewController.m */; };
		3328D3831CF3EBC0008B771D /* Main.storyboard in Resources */ = {isa = PBXBuildFile; fileRef = 3328D3811CF3EBC0008B771D /* Main.storyboard */; };
		3328D3851CF3EBC0008B771D /* Assets.xcassets in Resources */ = {isa = PBXBuildFile; fileRef = 3328D3841CF3EBC0008B771D /* Assets.xcassets */; };
		3328D3881CF3EBC0008B771D /* LaunchScreen.storyboard in Resources */ = {isa = PBXBuildFile; fileRef = 3328D3861CF3EBC0008B771D /* LaunchScreen.storyboard */; };
		3328D3931CF3EBC1008B771D /* judgeDeviceAndGetDirectionTests.m in Sources */ = {isa = PBXBuildFile; fileRef = 3328D3921CF3EBC1008B771D /* judgeDeviceAndGetDirectionTests.m */; };
		3328D39E1CF3EBC1008B771D /* judgeDeviceAndGetDirectionUITests.m in Sources */ = {isa = PBXBuildFile; fileRef = 3328D39D1CF3EBC1008B771D /* judgeDeviceAndGetDirectionUITests.m */; };
/* End PBXBuildFile section */

/* Begin PBXContainerItemProxy section */
		3328D38F1CF3EBC1008B771D /* PBXContainerItemProxy */ = {
			isa = PBXContainerItemProxy;
			containerPortal = 3328D36D1CF3EBC0008B771D /* Project object */;
			proxyType = 1;
			remoteGlobalIDString = 3328D3741CF3EBC0008B771D;
			remoteInfo = judgeDeviceAndGetDirection;
		};
		3328D39A1CF3EBC1008B771D /* PBXContainerItemProxy */ = {
			isa = PBXContainerItemProxy;
			containerPortal = 3328D36D1CF3EBC0008B771D /* Project object */;
			proxyType = 1;
			remoteGlobalIDString = 3328D3741CF3EBC0008B771D;
			remoteInfo = judgeDeviceAndGetDirection;
		};
/* End PBXContainerItemProxy section */

/* Begin PBXFileReference section */
		3328D3751CF3EBC0008B771D /* judgeDeviceAndGetDirection.app */ = {isa = PBXFileReference; explicitFileType = wrapper.application; includeInIndex = 0; path = judgeDeviceAndGetDirection.app; sourceTree = BUILT_PRODUCTS_DIR; };
		3328D3791CF3EBC0008B771D /* main.m */ = {isa = PBXFileReference; lastKnownFileType = sourcecode.c.objc; path = main.m; sourceTree = "<group>"; };
		3328D37B1CF3EBC0008B771D /* AppDelegate.h */ = {isa = PBXFileReference; lastKnownFileType = sourcecode.c.h; path = AppDelegate.h; sourceTree = "<group>"; };
		3328D37C1CF3EBC0008B771D /* AppDelegate.m */ = {isa = PBXFileReference; lastKnownFileType = sourcecode.c.objc; path = AppDelegate.m; sourceTree = "<group>"; };
		3328D37E1CF3EBC0008B771D /* ViewController.h */ = {isa = PBXFileReference; lastKnownFileType = sourcecode.c.h; path = ViewController.h; sourceTree = "<group>"; };
		3328D37F1CF3EBC0008B771D /* ViewController.m */ = {isa = PBXFileReference; lastKnownFileType = sourcecode.c.objc; path = ViewController.m; sourceTree = "<group>"; };
		3328D3821CF3EBC0008B771D /* Base */ = {isa = PBXFileReference; lastKnownFileType = file.storyboard; name = Base; path = Base.lproj/Main.storyboard; sourceTree = "<group>"; };
		3328D3841CF3EBC0008B771D /* Assets.xcassets */ = {isa = PBXFileReference; lastKnownFileType = folder.assetcatalog; path = Assets.xcassets; sourceTree = "<group>"; };
		3328D3871CF3EBC0008B771D /* Base */ = {isa = PBXFileReference; lastKnownFileType = file.storyboard; name = Base; path = Base.lproj/LaunchScreen.storyboard; sourceTree = "<group>"; };
		3328D3891CF3EBC0008B771D /* Info.plist */ = {isa = PBXFileReference; lastKnownFileType = text.plist.xml; path = Info.plist; sourceTree = "<group>"; };
		3328D38E1CF3EBC1008B771D /* judgeDeviceAndGetDirectionTests.xctest */ = {isa = PBXFileReference; explicitFileType = wrapper.cfbundle; includeInIndex = 0; path = judgeDeviceAndGetDirectionTests.xctest; sourceTree = BUILT_PRODUCTS_DIR; };
		3328D3921CF3EBC1008B771D /* judgeDeviceAndGetDirectionTests.m */ = {isa = PBXFileReference; lastKnownFileType = sourcecode.c.objc; path = judgeDeviceAndGetDirectionTests.m; sourceTree = "<group>"; };
		3328D3941CF3EBC1008B771D /* Info.plist */ = {isa = PBXFileReference; lastKnownFileType = text.plist.xml; path = Info.plist; sourceTree = "<group>"; };
		3328D3991CF3EBC1008B771D /* judgeDeviceAndGetDirectionUITests.xctest */ = {isa = PBXFileReference; explicitFileType = wrapper.cfbundle; includeInIndex = 0; path = judgeDeviceAndGetDirectionUITests.xctest; sourceTree = BUILT_PRODUCTS_DIR; };
		3328D39D1CF3EBC1008B771D /* judgeDeviceAndGetDirectionUITests.m */ = {isa = PBXFileReference; lastKnownFileType = sourcecode.c.objc; path = judgeDeviceAndGetDirectionUITests.m; sourceTree = "<group>"; };
		3328D39F1CF3EBC1008B771D /* Info.plist */ = {isa = PBXFileReference; lastKnownFileType = text.plist.xml; path = Info.plist; sourceTree = "<group>"; };
/* End PBXFileReference section */

/* Begin PBXFrameworksBuildPhase section */
		3328D3721CF3EBC0008B771D /* Frameworks */ = {
			isa = PBXFrameworksBuildPhase;
			buildActionMask = 2147483647;
			files = (
			);
			runOnlyForDeploymentPostprocessing = 0;
		};
		3328D38B1CF3EBC1008B771D /* Frameworks */ = {
			isa = PBXFrameworksBuildPhase;
			buildActionMask = 2147483647;
			files = (
			);
			runOnlyForDeploymentPostprocessing = 0;
		};
		3328D3961CF3EBC1008B771D /* Frameworks */ = {
			isa = PBXFrameworksBuildPhase;
			buildActionMask = 2147483647;
			files = (
			);
			runOnlyForDeploymentPostprocessing = 0;
		};
/* End PBXFrameworksBuildPhase section */

/* Begin PBXGroup section */
		3328D36C1CF3EBC0008B771D = {
			isa = PBXGroup;
			children = (
				3328D3771CF3EBC0008B771D /* judgeDeviceAndGetDirection */,
				3328D3911CF3EBC1008B771D /* judgeDeviceAndGetDirectionTests */,
				3328D39C1CF3EBC1008B771D /* judgeDeviceAndGetDirectionUITests */,
				3328D3761CF3EBC0008B771D /* Products */,
			);
			sourceTree = "<group>";
		};
		3328D3761CF3EBC0008B771D /* Products */ = {
			isa = PBXGroup;
			children = (
				3328D3751CF3EBC0008B771D /* judgeDeviceAndGetDirection.app */,
				3328D38E1CF3EBC1008B771D /* judgeDeviceAndGetDirectionTests.xctest */,
				3328D3991CF3EBC1008B771D /* judgeDeviceAndGetDirectionUITests.xctest */,
			);
			name = Products;
			sourceTree = "<group>";
		};
		3328D3771CF3EBC0008B771D /* judgeDeviceAndGetDirection */ = {
			isa = PBXGroup;
			children = (
				3328D37B1CF3EBC0008B771D /* AppDelegate.h */,
				3328D37C1CF3EBC0008B771D /* AppDelegate.m */,
				3328D37E1CF3EBC0008B771D /* ViewController.h */,
				3328D37F1CF3EBC0008B771D /* ViewController.m */,
				3328D3811CF3EBC0008B771D /* Main.storyboard */,
				3328D3841CF3EBC0008B771D /* Assets.xcassets */,
				3328D3861CF3EBC0008B771D /* LaunchScreen.storyboard */,
				3328D3891CF3EBC0008B771D /* Info.plist */,
				3328D3781CF3EBC0008B771D /* Supporting Files */,
			);
			path = judgeDeviceAndGetDirection;
			sourceTree = "<group>";
		};
		3328D3781CF3EBC0008B771D /* Supporting Files */ = {
			isa = PBXGroup;
			children = (
				3328D3791CF3EBC0008B771D /* main.m */,
			);
			name = "Supporting Files";
			sourceTree = "<group>";
		};
		3328D3911CF3EBC1008B771D /* judgeDeviceAndGetDirectionTests */ = {
			isa = PBXGroup;
			children = (
				3328D3921CF3EBC1008B771D /* judgeDeviceAndGetDirectionTests.m */,
				3328D3941CF3EBC1008B771D /* Info.plist */,
			);
			path = judgeDeviceAndGetDirectionTests;
			sourceTree = "<group>";
		};
		3328D39C1CF3EBC1008B771D /* judgeDeviceAndGetDirectionUITests */ = {
			isa = PBXGroup;
			children = (
				3328D39D1CF3EBC1008B771D /* judgeDeviceAndGetDirectionUITests.m */,
				3328D39F1CF3EBC1008B771D /* Info.plist */,
			);
			path = judgeDeviceAndGetDirectionUITests;
			sourceTree = "<group>";
		};
/* End PBXGroup section */

/* Begin PBXNativeTarget section */
		3328D3741CF3EBC0008B771D /* judgeDeviceAndGetDirection */ = {
			isa = PBXNativeTarget;
			buildConfigurationList = 3328D3A21CF3EBC1008B771D /* Build configuration list for PBXNativeTarget "judgeDeviceAndGetDirection" */;
			buildPhases = (
				3328D3711CF3EBC0008B771D /* Sources */,
				3328D3721CF3EBC0008B771D /* Frameworks */,
				3328D3731CF3EBC0008B771D /* Resources */,
			);
			buildRules = (
			);
			dependencies = (
			);
			name = judgeDeviceAndGetDirection;
			productName = judgeDeviceAndGetDirection;
			productReference = 3328D3751CF3EBC0008B771D /* judgeDeviceAndGetDirection.app */;
			productType = "com.apple.product-type.application";
		};
		3328D38D1CF3EBC1008B771D /* judgeDeviceAndGetDirectionTests */ = {
			isa = PBXNativeTarget;
			buildConfigurationList = 3328D3A51CF3EBC1008B771D /* Build configuration list for PBXNativeTarget "judgeDeviceAndGetDirectionTests" */;
			buildPhases = (
				3328D38A1CF3EBC1008B771D /* Sources */,
				3328D38B1CF3EBC1008B771D /* Frameworks */,
				3328D38C1CF3EBC1008B771D /* Resources */,
			);
			buildRules = (
			);
			dependencies = (
				3328D3901CF3EBC1008B771D /* PBXTargetDependency */,
			);
			name = judgeDeviceAndGetDirectionTests;
			productName = judgeDeviceAndGetDirectionTests;
			productReference = 3328D38E1CF3EBC1008B771D /* judgeDeviceAndGetDirectionTests.xctest */;
			productType = "com.apple.product-type.bundle.unit-test";
		};
		3328D3981CF3EBC1008B771D /* judgeDeviceAndGetDirectionUITests */ = {
			isa = PBXNativeTarget;
			buildConfigurationList = 3328D3A81CF3EBC1008B771D /* Build configuration list for PBXNativeTarget "judgeDeviceAndGetDirectionUITests" */;
			buildPhases = (
				3328D3951CF3EBC1008B771D /* Sources */,
				3328D3961CF3EBC1008B771D /* Frameworks */,
				3328D3971CF3EBC1008B771D /* Resources */,
			);
			buildRules = (
			);
			dependencies = (
				3328D39B1CF3EBC1008B771D /* PBXTargetDependency */,
			);
			name = judgeDeviceAndGetDirectionUITests;
			productName = judgeDeviceAndGetDirectionUITests;
			productReference = 3328D3991CF3EBC1008B771D /* judgeDeviceAndGetDirectionUITests.xctest */;
			productType = "com.apple.product-type.bundle.ui-testing";
		};
/* End PBXNativeTarget section */

/* Begin PBXProject section */
		3328D36D1CF3EBC0008B771D /* Project object */ = {
			isa = PBXProject;
			attributes = {
				LastUpgradeCheck = 0730;
				ORGANIZATIONNAME = SJ;
				TargetAttributes = {
					3328D3741CF3EBC0008B771D = {
						CreatedOnToolsVersion = 7.3.1;
						DevelopmentTeam = MX42GY4W7Z;
					};
					3328D38D1CF3EBC1008B771D = {
						CreatedOnToolsVersion = 7.3.1;
						DevelopmentTeam = MX42GY4W7Z;
						TestTargetID = 3328D3741CF3EBC0008B771D;
					};
					3328D3981CF3EBC1008B771D = {
						CreatedOnToolsVersion = 7.3.1;
						DevelopmentTeam = MX42GY4W7Z;
						TestTargetID = 3328D3741CF3EBC0008B771D;
					};
				};
			};
			buildConfigurationList = 3328D3701CF3EBC0008B771D /* Build configuration list for PBXProject "judgeDeviceAndGetDirection" */;
			compatibilityVersion = "Xcode 3.2";
			developmentRegion = English;
			hasScannedForEncodings = 0;
			knownRegions = (
				en,
				Base,
			);
			mainGroup = 3328D36C1CF3EBC0008B771D;
			productRefGroup = 3328D3761CF3EBC0008B771D /* Products */;
			projectDirPath = "";
			projectRoot = "";
			targets = (
				3328D3741CF3EBC0008B771D /* judgeDeviceAndGetDirection */,
				3328D38D1CF3EBC1008B771D /* judgeDeviceAndGetDirectionTests */,
				3328D3981CF3EBC1008B771D /* judgeDeviceAndGetDirectionUITests */,
			);
		};
/* End PBXProject section */

/* Begin PBXResourcesBuildPhase section */
		3328D3731CF3EBC0008B771D /* Resources */ = {
			isa = PBXResourcesBuildPhase;
			buildActionMask = 2147483647;
			files = (
				3328D3881CF3EBC0008B771D /* LaunchScreen.storyboard in Resources */,
				3328D3851CF3EBC0008B771D /* Assets.xcassets in Resources */,
				3328D3831CF3EBC0008B771D /* Main.storyboard in Resources */,
			);
			runOnlyForDeploymentPostprocessing = 0;
		};
		3328D38C1CF3EBC1008B771D /* Resources */ = {
			isa = PBXResourcesBuildPhase;
			buildActionMask = 2147483647;
			files = (
			);
			runOnlyForDeploymentPostprocessing = 0;
		};
		3328D3971CF3EBC1008B771D /* Resources */ = {
			isa = PBXResourcesBuildPhase;
			buildActionMask = 2147483647;
			files = (
			);
			runOnlyForDeploymentPostprocessing = 0;
		};
/* End PBXResourcesBuildPhase section */

/* Begin PBXSourcesBuildPhase section */
		3328D3711CF3EBC0008B771D /* Sources */ = {
			isa = PBXSourcesBuildPhase;
			buildActionMask = 2147483647;
			files = (
				3328D3801CF3EBC0008B771D /* ViewController.m in Sources */,
				3328D37D1CF3EBC0008B771D /* AppDelegate.m in Sources */,
				3328D37A1CF3EBC0008B771D /* main.m in Sources */,
			);
			runOnlyForDeploymentPostprocessing = 0;
		};
		3328D38A1CF3EBC1008B771D /* Sources */ = {
			isa = PBXSourcesBuildPhase;
			buildActionMask = 2147483647;
			files = (
				3328D3931CF3EBC1008B771D /* judgeDeviceAndGetDirectionTests.m in Sources */,
			);
			runOnlyForDeploymentPostprocessing = 0;
		};
		3328D3951CF3EBC1008B771D /* Sources */ = {
			isa = PBXSourcesBuildPhase;
			buildActionMask = 2147483647;
			files = (
				3328D39E1CF3EBC1008B771D /* judgeDeviceAndGetDirectionUITests.m in Sources */,
			);
			runOnlyForDeploymentPostprocessing = 0;
		};
/* End PBXSourcesBuildPhase section */

/* Begin PBXTargetDependency section */
		3328D3901CF3EBC1008B771D /* PBXTargetDependency */ = {
			isa = PBXTargetDependency;
			target = 3328D3741CF3EBC0008B771D /* judgeDeviceAndGetDirection */;
			targetProxy = 3328D38F1CF3EBC1008B771D /* PBXContainerItemProxy */;
		};
		3328D39B1CF3EBC1008B771D /* PBXTargetDependency */ = {
			isa = PBXTargetDependency;
			target = 3328D3741CF3EBC0008B771D /* judgeDeviceAndGetDirection */;
			targetProxy = 3328D39A1CF3EBC1008B771D /* PBXContainerItemProxy */;
		};
/* End PBXTargetDependency section */

/* Begin PBXVariantGroup section */
		3328D3811CF3EBC0008B771D /* Main.storyboard */ = {
			isa = PBXVariantGroup;
			children = (
				3328D3821CF3EBC0008B771D /* Base */,
			);
			name = Main.storyboard;
			sourceTree = "<group>";
		};
		3328D3861CF3EBC0008B771D /* LaunchScreen.storyboard */ = {
			isa = PBXVariantGroup;
			children = (
				3328D3871CF3EBC0008B771D /* Base */,
			);
			name = LaunchScreen.storyboard;
			sourceTree = "<group>";
		};
/* End PBXVariantGroup section */

/* Begin XCBuildConfiguration section */
		3328D3A01CF3EBC1008B771D /* Debug */ = {
			isa = XCBuildConfiguration;
			buildSettings = {
				ALWAYS_SEARCH_USER_PATHS = NO;
				CLANG_ANALYZER_NONNULL = YES;
				CLANG_CXX_LANGUAGE_STANDARD = "gnu++0x";
				CLANG_CXX_LIBRARY = "libc++";
				CLANG_ENABLE_MODULES = YES;
				CLANG_ENABLE_OBJC_ARC = YES;
				CLANG_WARN_BOOL_CONVERSION = YES;
				CLANG_WARN_CONSTANT_CONVERSION = YES;
				CLANG_WARN_DIRECT_OBJC_ISA_USAGE = YES_ERROR;
				CLANG_WARN_EMPTY_BODY = YES;
				CLANG_WARN_ENUM_CONVERSION = YES;
				CLANG_WARN_INT_CONVERSION = YES;
				CLANG_WARN_OBJC_ROOT_CLASS = YES_ERROR;
				CLANG_WARN_UNREACHABLE_CODE = YES;
				CLANG_WARN__DUPLICATE_METHOD_MATCH = YES;
				"CODE_SIGN_IDENTITY[sdk=iphoneos*]" = "iPhone Developer";
				COPY_PHASE_STRIP = NO;
				DEBUG_INFORMATION_FORMAT = dwarf;
				ENABLE_STRICT_OBJC_MSGSEND = YES;
				ENABLE_TESTABILITY = YES;
				GCC_C_LANGUAGE_STANDARD = gnu99;
				GCC_DYNAMIC_NO_PIC = NO;
				GCC_NO_COMMON_BLOCKS = YES;
				GCC_OPTIMIZATION_LEVEL = 0;
				GCC_PREPROCESSOR_DEFINITIONS = (
					"DEBUG=1",
					"$(inherited)",
				);
				GCC_WARN_64_TO_32_BIT_CONVERSION = YES;
				GCC_WARN_ABOUT_RETURN_TYPE = YES_ERROR;
				GCC_WARN_UNDECLARED_SELECTOR = YES;
				GCC_WARN_UNINITIALIZED_AUTOS = YES_AGGRESSIVE;
				GCC_WARN_UNUSED_FUNCTION = YES;
				GCC_WARN_UNUSED_VARIABLE = YES;
				IPHONEOS_DEPLOYMENT_TARGET = 9.3;
				MTL_ENABLE_DEBUG_INFO = YES;
				ONLY_ACTIVE_ARCH = YES;
				SDKROOT = iphoneos;
			};
			name = Debug;
		};
		3328D3A11CF3EBC1008B771D /* Release */ = {
			isa = XCBuildConfiguration;
			buildSettings = {
				ALWAYS_SEARCH_USER_PATHS = NO;
				CLANG_ANALYZER_NONNULL = YES;
				CLANG_CXX_LANGUAGE_STANDARD = "gnu++0x";
				CLANG_CXX_LIBRARY = "libc++";
				CLANG_ENABLE_MODULES = YES;
				CLANG_ENABLE_OBJC_ARC = YES;
				CLANG_WARN_BOOL_CONVERSION = YES;
				CLANG_WARN_CONSTANT_CONVERSION = YES;
				CLANG_WARN_DIRECT_OBJC_ISA_USAGE = YES_ERROR;
				CLANG_WARN_EMPTY_BODY = YES;
				CLANG_WARN_ENUM_CONVERSION = YES;
				CLANG_WARN_INT_CONVERSION = YES;
				CLANG_WARN_OBJC_ROOT_CLASS = YES_ERROR;
				CLANG_WARN_UNREACHABLE_CODE = YES;
				CLANG_WARN__DUPLICATE_METHOD_MATCH = YES;
				"CODE_SIGN_IDENTITY[sdk=iphoneos*]" = "iPhone Developer";
				COPY_PHASE_STRIP = NO;
				DEBUG_INFORMATION_FORMAT = "dwarf-with-dsym";
				ENABLE_NS_ASSERTIONS = NO;
				ENABLE_STRICT_OBJC_MSGSEND = YES;
				GCC_C_LANGUAGE_STANDARD = gnu99;
				GCC_NO_COMMON_BLOCKS = YES;
				GCC_WARN_64_TO_32_BIT_CONVERSION = YES;
				GCC_WARN_ABOUT_RETURN_TYPE = YES_ERROR;
				GCC_WARN_UNDECLARED_SELECTOR = YES;
				GCC_WARN_UNINITIALIZED_AUTOS = YES_AGGRESSIVE;
				GCC_WARN_UNUSED_FUNCTION = YES;
				GCC_WARN_UNUSED_VARIABLE = YES;
				IPHONEOS_DEPLOYMENT_TARGET = 9.3;
				MTL_ENABLE_DEBUG_INFO = NO;
				SDKROOT = iphoneos;
				VALIDATE_PRODUCT = YES;
			};
			name = Release;
		};
		3328D3A31CF3EBC1008B771D /* Debug */ = {
			isa = XCBuildConfiguration;
			buildSettings = {
				ASSETCATALOG_COMPILER_APPICON_NAME = AppIcon;
				INFOPLIST_FILE = judgeDeviceAndGetDirection/Info.plist;
				LD_RUNPATH_SEARCH_PATHS = "$(inherited) @executable_path/Frameworks";
				PRODUCT_BUNDLE_IDENTIFIER = com.SJ.judgeDeviceAndGetDirection;
				PRODUCT_NAME = "$(TARGET_NAME)";
			};
			name = Debug;
		};
		3328D3A41CF3EBC1008B771D /* Release */ = {
			isa = XCBuildConfiguration;
			buildSettings = {
				ASSETCATALOG_COMPILER_APPICON_NAME = AppIcon;
				INFOPLIST_FILE = judgeDeviceAndGetDirection/Info.plist;
				LD_RUNPATH_SEARCH_PATHS = "$(inherited) @executable_path/Frameworks";
				PRODUCT_BUNDLE_IDENTIFIER = com.SJ.judgeDeviceAndGetDirection;
				PRODUCT_NAME = "$(TARGET_NAME)";
			};
			name = Release;
		};
		3328D3A61CF3EBC1008B771D /* Debug */ = {
			isa = XCBuildConfiguration;
			buildSettings = {
				BUNDLE_LOADER = "$(TEST_HOST)";
				INFOPLIST_FILE = judgeDeviceAndGetDirectionTests/Info.plist;
				LD_RUNPATH_SEARCH_PATHS = "$(inherited) @executable_path/Frameworks @loader_path/Frameworks";
				PRODUCT_BUNDLE_IDENTIFIER = com.SJ.judgeDeviceAndGetDirectionTests;
				PRODUCT_NAME = "$(TARGET_NAME)";
				TEST_HOST = "$(BUILT_PRODUCTS_DIR)/judgeDeviceAndGetDirection.app/judgeDeviceAndGetDirection";
			};
			name = Debug;
		};
		3328D3A71CF3EBC1008B771D /* Release */ = {
			isa = XCBuildConfiguration;
			buildSettings = {
				BUNDLE_LOADER = "$(TEST_HOST)";
				INFOPLIST_FILE = judgeDeviceAndGetDirectionTests/Info.plist;
				LD_RUNPATH_SEARCH_PATHS = "$(inherited) @executable_path/Frameworks @loader_path/Frameworks";
				PRODUCT_BUNDLE_IDENTIFIER = com.SJ.judgeDeviceAndGetDirectionTests;
				PRODUCT_NAME = "$(TARGET_NAME)";
				TEST_HOST = "$(BUILT_PRODUCTS_DIR)/judgeDeviceAndGetDirection.app/judgeDeviceAndGetDirection";
			};
			name = Release;
		};
		3328D3A91CF3EBC1008B771D /* Debug */ = {
			isa = XCBuildConfiguration;
			buildSettings = {
				INFOPLIST_FILE = judgeDeviceAndGetDirectionUITests/Info.plist;
				LD_RUNPATH_SEARCH_PATHS = "$(inherited) @executable_path/Frameworks @loader_path/Frameworks";
				PRODUCT_BUNDLE_IDENTIFIER = com.SJ.judgeDeviceAndGetDirectionUITests;
				PRODUCT_NAME = "$(TARGET_NAME)";
				TEST_TARGET_NAME = judgeDeviceAndGetDirection;
			};
			name = Debug;
		};
		3328D3AA1CF3EBC1008B771D /* Release */ = {
			isa = XCBuildConfiguration;
			buildSettings = {
				INFOPLIST_FILE = judgeDeviceAndGetDirectionUITests/Info.plist;
				LD_RUNPATH_SEARCH_PATHS = "$(inherited) @executable_path/Frameworks @loader_path/Frameworks";
				PRODUCT_BUNDLE_IDENTIFIER = com.SJ.judgeDeviceAndGetDirectionUITests;
				PRODUCT_NAME = "$(TARGET_NAME)";
				TEST_TARGET_NAME = judgeDeviceAndGetDirection;
			};
			name = Release;
		};
/* End XCBuildConfiguration section */

/* Begin XCConfigurationList section */
		3328D3701CF3EBC0008B771D /* Build configuration list for PBXProject "judgeDeviceAndGetDirection" */ = {
			isa = XCConfigurationList;
			buildConfigurations = (
				3328D3A01CF3EBC1008B771D /* Debug */,
				3328D3A11CF3EBC1008B771D /* Release */,
			);
			defaultConfigurationIsVisible = 0;
			defaultConfigurationName = Release;
		};
		3328D3A21CF3EBC1008B771D /* Build configuration list for PBXNativeTarget "judgeDeviceAndGetDirection" */ = {
			isa = XCConfigurationList;
			buildConfigurations = (
				3328D3A31CF3EBC1008B771D /* Debug */,
				3328D3A41CF3EBC1008B771D /* Release */,
			);
			defaultConfigurationIsVisible = 0;
		};
		3328D3A51CF3EBC1008B771D /* Build configuration list for PBXNativeTarget "judgeDeviceAndGetDirectionTests" */ = {
			isa = XCConfigurationList;
			buildConfigurations = (
				3328D3A61CF3EBC1008B771D /* Debug */,
				3328D3A71CF3EBC1008B771D /* Release */,
			);
			defaultConfigurationIsVisible = 0;
		};
		3328D3A81CF3EBC1008B771D /* Build configuration list for PBXNativeTarget "judgeDeviceAndGetDirectionUITests" */ = {
			isa = XCConfigurationList;
			buildConfigurations = (
				3328D3A91CF3EBC1008B771D /* Debug */,
				3328D3AA1CF3EBC1008B771D /* Release */,
			);
			defaultConfigurationIsVisible = 0;
		};
/* End XCConfigurationList section */
	};
	rootObject = 3328D36D1CF3EBC0008B771D /* Project object */;
}
